
Microsoft Visual Studio Solution File, Format Version 12.00
# Visual Studio Version 16
VisualStudioVersion = 16.0.31424.327
MinimumVisualStudioVersion = 10.0.40219.1
Project("{9A19103F-16F7-4668-BE54-9A1E7A4F7556}") = "DOTNET_REST_WEB_API", "DOTNET_REST_WEB_API\DOTNET_REST_WEB_API.csproj", "{BE777834-837F-4185-A660-C5D3BC528DF0}"
EndProject
Global
	GlobalSection(SolutionConfigurationPlatforms) = preSolution
		Debug|Any CPU = Debug|Any CPU
		Release|Any CPU = Release|Any CPU
	EndGlobalSection
	GlobalSection(ProjectConfigurationPlatforms) = postSolution
		{BE777834-837F-4185-A660-C5D3BC528DF0}.Debug|Any CPU.ActiveCfg = Debug|Any CPU
		{BE777834-837F-4185-A660-C5D3BC528DF0}.Debug|Any CPU.Build.0 = Debug|Any CPU
		{BE777834-837F-4185-A660-C5D3BC528DF0}.Release|Any CPU.ActiveCfg = Release|Any CPU
		{BE777834-837F-4185-A660-C5D3BC528DF0}.Release|Any CPU.Build.0 = Release|Any CPU
	EndGlobalSection
	GlobalSection(SolutionProperties) = preSolution
		HideSolutionNode = FALSE
	EndGlobalSection
	GlobalSection(ExtensibilityGlobals) = postSolution
		SolutionGuid = {DA6320D9-1E35-42C9-90C8-7D24010DB7D1}
	EndGlobalSection
EndGlobal
